
Microsoft Visual Studio Solution File, Format Version 12.00
# Visual Studio Version 17
VisualStudioVersion = 17.3.32811.315
MinimumVisualStudioVersion = 10.0.40219.1
Project("{888888A0-9F3D-457C-B088-3A5042F75D52}") = "Guided_Search", "Guided_Search\Guided_Search.pyproj", "{9CBA8C4E-3105-47C1-BC08-5E1E31BA1C9A}"
EndProject
Global
	GlobalSection(SolutionConfigurationPlatforms) = preSolution
		Debug|Any CPU = Debug|Any CPU
		Release|Any CPU = Release|Any CPU
	EndGlobalSection
	GlobalSection(ProjectConfigurationPlatforms) = postSolution
		{9CBA8C4E-3105-47C1-BC08-5E1E31BA1C9A}.Debug|Any CPU.ActiveCfg = Debug|Any CPU
		{9CBA8C4E-3105-47C1-BC08-5E1E31BA1C9A}.Release|Any CPU.ActiveCfg = Release|Any CPU
	EndGlobalSection
	GlobalSection(SolutionProperties) = preSolution
		HideSolutionNode = FALSE
	EndGlobalSection
	GlobalSection(ExtensibilityGlobals) = postSolution
		SolutionGuid = {AB7FC1AA-1152-48F9-92EF-2241A581E72E}
	EndGlobalSection
EndGlobal
